// !$*UTF8*$!
{
	archiveVersion = 1;
	classes = {
	};
	objectVersion = 46;
	objects = {

/* Begin PBXBuildFile section */
		4ED9025E863CCE7E0BDE078A /* libPods.a in Frameworks */ = {isa = PBXBuildFile; fileRef = 27807B879CA305BFB5553013 /* libPods.a */; };
		F6A50B2B1C84129800396835 /* TabBarVC.swift in Sources */ = {isa = PBXBuildFile; fileRef = F6A50B251C84129800396835 /* TabBarVC.swift */; };
		F6A50B2D1C84133300396835 /* HomeVC.swift in Sources */ = {isa = PBXBuildFile; fileRef = F6A50B2C1C84133300396835 /* HomeVC.swift */; };
		F6A50B2F1C8413CD00396835 /* d.png in Resources */ = {isa = PBXBuildFile; fileRef = F6A50B2E1C8413CD00396835 /* d.png */; };
		F6F60CC81C840FEC00C0FD71 /* AppDelegate.swift in Sources */ = {isa = PBXBuildFile; fileRef = F6F60CC71C840FEC00C0FD71 /* AppDelegate.swift */; };
		F6F60CCD1C840FEC00C0FD71 /* Main.storyboard in Resources */ = {isa = PBXBuildFile; fileRef = F6F60CCB1C840FEC00C0FD71 /* Main.storyboard */; };
		F6F60CCF1C840FEC00C0FD71 /* Assets.xcassets in Resources */ = {isa = PBXBuildFile; fileRef = F6F60CCE1C840FEC00C0FD71 /* Assets.xcassets */; };
		F6F60CD21C840FEC00C0FD71 /* LaunchScreen.storyboard in Resources */ = {isa = PBXBuildFile; fileRef = F6F60CD01C840FEC00C0FD71 /* LaunchScreen.storyboard */; };
		F6F60CDD1C840FEC00C0FD71 /* VseaSwiftTests.swift in Sources */ = {isa = PBXBuildFile; fileRef = F6F60CDC1C840FEC00C0FD71 /* VseaSwiftTests.swift */; };
		F6F60CE81C840FEC00C0FD71 /* VseaSwiftUITests.swift in Sources */ = {isa = PBXBuildFile; fileRef = F6F60CE71C840FEC00C0FD71 /* VseaSwiftUITests.swift */; };
/* End PBXBuildFile section */

/* Begin PBXContainerItemProxy section */
		F6F60CD91C840FEC00C0FD71 /* PBXContainerItemProxy */ = {
			isa = PBXContainerItemProxy;
			containerPortal = F6F60CBC1C840FEC00C0FD71 /* Project object */;
			proxyType = 1;
			remoteGlobalIDString = F6F60CC31C840FEC00C0FD71;
			remoteInfo = VseaSwift;
		};
		F6F60CE41C840FEC00C0FD71 /* PBXContainerItemProxy */ = {
			isa = PBXContainerItemProxy;
			containerPortal = F6F60CBC1C840FEC00C0FD71 /* Project object */;
			proxyType = 1;
			remoteGlobalIDString = F6F60CC31C840FEC00C0FD71;
			remoteInfo = VseaSwift;
		};
/* End PBXContainerItemProxy section */

/* Begin PBXFileReference section */
		27807B879CA305BFB5553013 /* libPods.a */ = {isa = PBXFileReference; explicitFileType = archive.ar; includeInIndex = 0; path = libPods.a; sourceTree = BUILT_PRODUCTS_DIR; };
		833DE6115FD9F69E57AE723F /* Pods.debug.xcconfig */ = {isa = PBXFileReference; includeInIndex = 1; lastKnownFileType = text.xcconfig; name = Pods.debug.xcconfig; path = "Pods/Target Support Files/Pods/Pods.debug.xcconfig"; sourceTree = "<group>"; };
		B4373E0FDFFC1A9B03A305A5 /* Pods.release.xcconfig */ = {isa = PBXFileReference; includeInIndex = 1; lastKnownFileType = text.xcconfig; name = Pods.release.xcconfig; path = "Pods/Target Support Files/Pods/Pods.release.xcconfig"; sourceTree = "<group>"; };
		F6A50B251C84129800396835 /* TabBarVC.swift */ = {isa = PBXFileReference; fileEncoding = 4; lastKnownFileType = sourcecode.swift; path = TabBarVC.swift; sourceTree = "<group>"; };
		F6A50B2C1C84133300396835 /* HomeVC.swift */ = {isa = PBXFileReference; fileEncoding = 4; lastKnownFileType = sourcecode.swift; path = HomeVC.swift; sourceTree = "<group>"; };
		F6A50B2E1C8413CD00396835 /* d.png */ = {isa = PBXFileReference; lastKnownFileType = image.png; path = d.png; sourceTree = "<group>"; };
		F6F60CC41C840FEC00C0FD71 /* VseaSwift.app */ = {isa = PBXFileReference; explicitFileType = wrapper.application; includeInIndex = 0; path = VseaSwift.app; sourceTree = BUILT_PRODUCTS_DIR; };
		F6F60CC71C840FEC00C0FD71 /* AppDelegate.swift */ = {isa = PBXFileReference; lastKnownFileType = sourcecode.swift; path = AppDelegate.swift; sourceTree = "<group>"; };
		F6F60CCC1C840FEC00C0FD71 /* Base */ = {isa = PBXFileReference; lastKnownFileType = file.storyboard; name = Base; path = Base.lproj/Main.storyboard; sourceTree = "<group>"; };
		F6F60CCE1C840FEC00C0FD71 /* Assets.xcassets */ = {isa = PBXFileReference; lastKnownFileType = folder.assetcatalog; path = Assets.xcassets; sourceTree = "<group>"; };
		F6F60CD11C840FEC00C0FD71 /* Base */ = {isa = PBXFileReference; lastKnownFileType = file.storyboard; name = Base; path = Base.lproj/LaunchScreen.storyboard; sourceTree = "<group>"; };
		F6F60CD31C840FEC00C0FD71 /* Info.plist */ = {isa = PBXFileReference; lastKnownFileType = text.plist.xml; path = Info.plist; sourceTree = "<group>"; };
		F6F60CD81C840FEC00C0FD71 /* VseaSwiftTests.xctest */ = {isa = PBXFileReference; explicitFileType = wrapper.cfbundle; includeInIndex = 0; path = VseaSwiftTests.xctest; sourceTree = BUILT_PRODUCTS_DIR; };
		F6F60CDC1C840FEC00C0FD71 /* VseaSwiftTests.swift */ = {isa = PBXFileReference; lastKnownFileType = sourcecode.swift; path = VseaSwiftTests.swift; sourceTree = "<group>"; };
		F6F60CDE1C840FEC00C0FD71 /* Info.plist */ = {isa = PBXFileReference; lastKnownFileType = text.plist.xml; path = Info.plist; sourceTree = "<group>"; };
		F6F60CE31C840FEC00C0FD71 /* VseaSwiftUITests.xctest */ = {isa = PBXFileReference; explicitFileType = wrapper.cfbundle; includeInIndex = 0; path = VseaSwiftUITests.xctest; sourceTree = BUILT_PRODUCTS_DIR; };
		F6F60CE71C840FEC00C0FD71 /* VseaSwiftUITests.swift */ = {isa = PBXFileReference; lastKnownFileType = sourcecode.swift; path = VseaSwiftUITests.swift; sourceTree = "<group>"; };
		F6F60CE91C840FEC00C0FD71 /* Info.plist */ = {isa = PBXFileReference; lastKnownFileType = text.plist.xml; path = Info.plist; sourceTree = "<group>"; };
/* End PBXFileReference section */

/* Begin PBXFrameworksBuildPhase section */
		F6F60CC11C840FEC00C0FD71 /* Frameworks */ = {
			isa = PBXFrameworksBuildPhase;
			buildActionMask = 2147483647;
			files = (
				4ED9025E863CCE7E0BDE078A /* libPods.a in Frameworks */,
			);
			runOnlyForDeploymentPostprocessing = 0;
		};
		F6F60CD51C840FEC00C0FD71 /* Frameworks */ = {
			isa = PBXFrameworksBuildPhase;
			buildActionMask = 2147483647;
			files = (
			);
			runOnlyForDeploymentPostprocessing = 0;
		};
		F6F60CE01C840FEC00C0FD71 /* Frameworks */ = {
			isa = PBXFrameworksBuildPhase;
			buildActionMask = 2147483647;
			files = (
			);
			runOnlyForDeploymentPostprocessing = 0;
		};
/* End PBXFrameworksBuildPhase section */

/* Begin PBXGroup section */
		25102124CB7A297C9F3F384C /* Pods */ = {
			isa = PBXGroup;
			children = (
				833DE6115FD9F69E57AE723F /* Pods.debug.xcconfig */,
				B4373E0FDFFC1A9B03A305A5 /* Pods.release.xcconfig */,
			);
			name = Pods;
			sourceTree = "<group>";
		};
		EA8D61AE3A8D7F931DAD7741 /* Frameworks */ = {
			isa = PBXGroup;
			children = (
				27807B879CA305BFB5553013 /* libPods.a */,
			);
			name = Frameworks;
			sourceTree = "<group>";
		};
		F6A50B0D1C84129800396835 /* Category */ = {
			isa = PBXGroup;
			children = (
			);
			path = Category;
			sourceTree = "<group>";
		};
		F6A50B0E1C84129800396835 /* Helper */ = {
			isa = PBXGroup;
			children = (
			);
			path = Helper;
			sourceTree = "<group>";
		};
		F6A50B0F1C84129800396835 /* MVVM */ = {
			isa = PBXGroup;
			children = (
				F6A50B161C84129800396835 /* Classification */,
				F6A50B171C84129800396835 /* Home */,
				F6A50B1D1C84129800396835 /* Mine */,
				F6A50B231C84129800396835 /* TabBar */,
			);
			path = MVVM;
			sourceTree = "<group>";
		};
		F6A50B161C84129800396835 /* Classification */ = {
			isa = PBXGroup;
			children = (
			);
			path = Classification;
			sourceTree = "<group>";
		};
		F6A50B171C84129800396835 /* Home */ = {
			isa = PBXGroup;
			children = (
				F6A50B181C84129800396835 /* Controller */,
				F6A50B191C84129800396835 /* Model */,
				F6A50B1A1C84129800396835 /* Request */,
				F6A50B1B1C84129800396835 /* View */,
				F6A50B1C1C84129800396835 /* ViewModel */,
			);
			path = Home;
			sourceTree = "<group>";
		};
		F6A50B181C84129800396835 /* Controller */ = {
			isa = PBXGroup;
			children = (
				F6A50B2C1C84133300396835 /* HomeVC.swift */,
			);
			path = Controller;
			sourceTree = "<group>";
		};
		F6A50B191C84129800396835 /* Model */ = {
			isa = PBXGroup;
			children = (
			);
			path = Model;
			sourceTree = "<group>";
		};
		F6A50B1A1C84129800396835 /* Request */ = {
			isa = PBXGroup;
			children = (
			);
			path = Request;
			sourceTree = "<group>";
		};
		F6A50B1B1C84129800396835 /* View */ = {
			isa = PBXGroup;
			children = (
			);
			path = View;
			sourceTree = "<group>";
		};
		F6A50B1C1C84129800396835 /* ViewModel */ = {
			isa = PBXGroup;
			children = (
			);
			path = ViewModel;
			sourceTree = "<group>";
		};
		F6A50B1D1C84129800396835 /* Mine */ = {
			isa = PBXGroup;
			children = (
				F6A50B1E1C84129800396835 /* Controller */,
				F6A50B1F1C84129800396835 /* Model */,
				F6A50B201C84129800396835 /* Request */,
				F6A50B211C84129800396835 /* View */,
				F6A50B221C84129800396835 /* ViewModel */,
			);
			path = Mine;
			sourceTree = "<group>";
		};
		F6A50B1E1C84129800396835 /* Controller */ = {
			isa = PBXGroup;
			children = (
			);
			path = Controller;
			sourceTree = "<group>";
		};
		F6A50B1F1C84129800396835 /* Model */ = {
			isa = PBXGroup;
			children = (
			);
			path = Model;
			sourceTree = "<group>";
		};
		F6A50B201C84129800396835 /* Request */ = {
			isa = PBXGroup;
			children = (
			);
			path = Request;
			sourceTree = "<group>";
		};
		F6A50B211C84129800396835 /* View */ = {
			isa = PBXGroup;
			children = (
			);
			path = View;
			sourceTree = "<group>";
		};
		F6A50B221C84129800396835 /* ViewModel */ = {
			isa = PBXGroup;
			children = (
			);
			path = ViewModel;
			sourceTree = "<group>";
		};
		F6A50B231C84129800396835 /* TabBar */ = {
			isa = PBXGroup;
			children = (
				F6A50B241C84129800396835 /* Controller */,
				F6A50B261C84129800396835 /* Model */,
				F6A50B271C84129800396835 /* Request */,
				F6A50B281C84129800396835 /* View */,
				F6A50B291C84129800396835 /* ViewModel */,
			);
			path = TabBar;
			sourceTree = "<group>";
		};
		F6A50B241C84129800396835 /* Controller */ = {
			isa = PBXGroup;
			children = (
				F6A50B251C84129800396835 /* TabBarVC.swift */,
			);
			path = Controller;
			sourceTree = "<group>";
		};
		F6A50B261C84129800396835 /* Model */ = {
			isa = PBXGroup;
			children = (
			);
			path = Model;
			sourceTree = "<group>";
		};
		F6A50B271C84129800396835 /* Request */ = {
			isa = PBXGroup;
			children = (
			);
			path = Request;
			sourceTree = "<group>";
		};
		F6A50B281C84129800396835 /* View */ = {
			isa = PBXGroup;
			children = (
			);
			path = View;
			sourceTree = "<group>";
		};
		F6A50B291C84129800396835 /* ViewModel */ = {
			isa = PBXGroup;
			children = (
			);
			path = ViewModel;
			sourceTree = "<group>";
		};
		F6A50B2A1C84129800396835 /* Venders */ = {
			isa = PBXGroup;
			children = (
			);
			path = Venders;
			sourceTree = "<group>";
		};
		F6F60CBB1C840FEC00C0FD71 = {
			isa = PBXGroup;
			children = (
				F6F60CC61C840FEC00C0FD71 /* VseaSwift */,
				F6F60CDB1C840FEC00C0FD71 /* VseaSwiftTests */,
				F6F60CE61C840FEC00C0FD71 /* VseaSwiftUITests */,
				F6F60CC51C840FEC00C0FD71 /* Products */,
				25102124CB7A297C9F3F384C /* Pods */,
				EA8D61AE3A8D7F931DAD7741 /* Frameworks */,
			);
			sourceTree = "<group>";
		};
		F6F60CC51C840FEC00C0FD71 /* Products */ = {
			isa = PBXGroup;
			children = (
				F6F60CC41C840FEC00C0FD71 /* VseaSwift.app */,
				F6F60CD81C840FEC00C0FD71 /* VseaSwiftTests.xctest */,
				F6F60CE31C840FEC00C0FD71 /* VseaSwiftUITests.xctest */,
			);
			name = Products;
			sourceTree = "<group>";
		};
		F6F60CC61C840FEC00C0FD71 /* VseaSwift */ = {
			isa = PBXGroup;
			children = (
				F6A50B2E1C8413CD00396835 /* d.png */,
				F6A50B0D1C84129800396835 /* Category */,
				F6A50B0E1C84129800396835 /* Helper */,
				F6A50B0F1C84129800396835 /* MVVM */,
				F6A50B2A1C84129800396835 /* Venders */,
				F6F60CC71C840FEC00C0FD71 /* AppDelegate.swift */,
				F6F60CCB1C840FEC00C0FD71 /* Main.storyboard */,
				F6F60CCE1C840FEC00C0FD71 /* Assets.xcassets */,
				F6F60CD01C840FEC00C0FD71 /* LaunchScreen.storyboard */,
				F6F60CD31C840FEC00C0FD71 /* Info.plist */,
			);
			path = VseaSwift;
			sourceTree = "<group>";
		};
		F6F60CDB1C840FEC00C0FD71 /* VseaSwiftTests */ = {
			isa = PBXGroup;
			children = (
				F6F60CDC1C840FEC00C0FD71 /* VseaSwiftTests.swift */,
				F6F60CDE1C840FEC00C0FD71 /* Info.plist */,
			);
			path = VseaSwiftTests;
			sourceTree = "<group>";
		};
		F6F60CE61C840FEC00C0FD71 /* VseaSwiftUITests */ = {
			isa = PBXGroup;
			children = (
				F6F60CE71C840FEC00C0FD71 /* VseaSwiftUITests.swift */,
				F6F60CE91C840FEC00C0FD71 /* Info.plist */,
			);
			path = VseaSwiftUITests;
			sourceTree = "<group>";
		};
/* End PBXGroup section */

/* Begin PBXNativeTarget section */
		F6F60CC31C840FEC00C0FD71 /* VseaSwift */ = {
			isa = PBXNativeTarget;
			buildConfigurationList = F6F60CEC1C840FEC00C0FD71 /* Build configuration list for PBXNativeTarget "VseaSwift" */;
			buildPhases = (
				F9CE0DC58D9C991963D96F73 /* Check Pods Manifest.lock */,
				F6F60CC01C840FEC00C0FD71 /* Sources */,
				F6F60CC11C840FEC00C0FD71 /* Frameworks */,
				F6F60CC21C840FEC00C0FD71 /* Resources */,
				4CAAF2F0998921D703F6A698 /* Embed Pods Frameworks */,
				65CB822B6170C75A2BA2A8F0 /* Copy Pods Resources */,
			);
			buildRules = (
			);
			dependencies = (
			);
			name = VseaSwift;
			productName = VseaSwift;
			productReference = F6F60CC41C840FEC00C0FD71 /* VseaSwift.app */;
			productType = "com.apple.product-type.application";
		};
		F6F60CD71C840FEC00C0FD71 /* VseaSwiftTests */ = {
			isa = PBXNativeTarget;
			buildConfigurationList = F6F60CEF1C840FEC00C0FD71 /* Build configuration list for PBXNativeTarget "VseaSwiftTests" */;
			buildPhases = (
				F6F60CD41C840FEC00C0FD71 /* Sources */,
				F6F60CD51C840FEC00C0FD71 /* Frameworks */,
				F6F60CD61C840FEC00C0FD71 /* Resources */,
			);
			buildRules = (
			);
			dependencies = (
				F6F60CDA1C840FEC00C0FD71 /* PBXTargetDependency */,
			);
			name = VseaSwiftTests;
			productName = VseaSwiftTests;
			productReference = F6F60CD81C840FEC00C0FD71 /* VseaSwiftTests.xctest */;
			productType = "com.apple.product-type.bundle.unit-test";
		};
		F6F60CE21C840FEC00C0FD71 /* VseaSwiftUITests */ = {
			isa = PBXNativeTarget;
			buildConfigurationList = F6F60CF21C840FEC00C0FD71 /* Build configuration list for PBXNativeTarget "VseaSwiftUITests" */;
			buildPhases = (
				F6F60CDF1C840FEC00C0FD71 /* Sources */,
				F6F60CE01C840FEC00C0FD71 /* Frameworks */,
				F6F60CE11C840FEC00C0FD71 /* Resources */,
			);
			buildRules = (
			);
			dependencies = (
				F6F60CE51C840FEC00C0FD71 /* PBXTargetDependency */,
			);
			name = VseaSwiftUITests;
			productName = VseaSwiftUITests;
			productReference = F6F60CE31C840FEC00C0FD71 /* VseaSwiftUITests.xctest */;
			productType = "com.apple.product-type.bundle.ui-testing";
		};
/* End PBXNativeTarget section */

/* Begin PBXProject section */
		F6F60CBC1C840FEC00C0FD71 /* Project object */ = {
			isa = PBXProject;
			attributes = {
				LastSwiftUpdateCheck = 0720;
				LastUpgradeCheck = 0720;
				ORGANIZATIONNAME = gujianxing;
				TargetAttributes = {
					F6F60CC31C840FEC00C0FD71 = {
						CreatedOnToolsVersion = 7.2.1;
					};
					F6F60CD71C840FEC00C0FD71 = {
						CreatedOnToolsVersion = 7.2.1;
						TestTargetID = F6F60CC31C840FEC00C0FD71;
					};
					F6F60CE21C840FEC00C0FD71 = {
						CreatedOnToolsVersion = 7.2.1;
						TestTargetID = F6F60CC31C840FEC00C0FD71;
					};
				};
			};
			buildConfigurationList = F6F60CBF1C840FEC00C0FD71 /* Build configuration list for PBXProject "VseaSwift" */;
			compatibilityVersion = "Xcode 3.2";
			developmentRegion = English;
			hasScannedForEncodings = 0;
			knownRegions = (
				en,
				Base,
			);
			mainGroup = F6F60CBB1C840FEC00C0FD71;
			productRefGroup = F6F60CC51C840FEC00C0FD71 /* Products */;
			projectDirPath = "";
			projectRoot = "";
			targets = (
				F6F60CC31C840FEC00C0FD71 /* VseaSwift */,
				F6F60CD71C840FEC00C0FD71 /* VseaSwiftTests */,
				F6F60CE21C840FEC00C0FD71 /* VseaSwiftUITests */,
			);
		};
/* End PBXProject section */

/* Begin PBXResourcesBuildPhase section */
		F6F60CC21C840FEC00C0FD71 /* Resources */ = {
			isa = PBXResourcesBuildPhase;
			buildActionMask = 2147483647;
			files = (
				F6A50B2F1C8413CD00396835 /* d.png in Resources */,
				F6F60CD21C840FEC00C0FD71 /* LaunchScreen.storyboard in Resources */,
				F6F60CCF1C840FEC00C0FD71 /* Assets.xcassets in Resources */,
				F6F60CCD1C840FEC00C0FD71 /* Main.storyboard in Resources */,
			);
			runOnlyForDeploymentPostprocessing = 0;
		};
		F6F60CD61C840FEC00C0FD71 /* Resources */ = {
			isa = PBXResourcesBuildPhase;
			buildActionMask = 2147483647;
			files = (
			);
			runOnlyForDeploymentPostprocessing = 0;
		};
		F6F60CE11C840FEC00C0FD71 /* Resources */ = {
			isa = PBXResourcesBuildPhase;
			buildActionMask = 2147483647;
			files = (
			);
			runOnlyForDeploymentPostprocessing = 0;
		};
/* End PBXResourcesBuildPhase section */

/* Begin PBXShellScriptBuildPhase section */
		4CAAF2F0998921D703F6A698 /* Embed Pods Frameworks */ = {
			isa = PBXShellScriptBuildPhase;
			buildActionMask = 2147483647;
			files = (
			);
			inputPaths = (
			);
			name = "Embed Pods Frameworks";
			outputPaths = (
			);
			runOnlyForDeploymentPostprocessing = 0;
			shellPath = /bin/sh;
			shellScript = "\"${SRCROOT}/Pods/Target Support Files/Pods/Pods-frameworks.sh\"\n";
			showEnvVarsInLog = 0;
		};
		65CB822B6170C75A2BA2A8F0 /* Copy Pods Resources */ = {
			isa = PBXShellScriptBuildPhase;
			buildActionMask = 2147483647;
			files = (
			);
			inputPaths = (
			);
			name = "Copy Pods Resources";
			outputPaths = (
			);
			runOnlyForDeploymentPostprocessing = 0;
			shellPath = /bin/sh;
			shellScript = "\"${SRCROOT}/Pods/Target Support Files/Pods/Pods-resources.sh\"\n";
			showEnvVarsInLog = 0;
		};
		F9CE0DC58D9C991963D96F73 /* Check Pods Manifest.lock */ = {
			isa = PBXShellScriptBuildPhase;
			buildActionMask = 2147483647;
			files = (
			);
			inputPaths = (
			);
			name = "Check Pods Manifest.lock";
			outputPaths = (
			);
			runOnlyForDeploymentPostprocessing = 0;
			shellPath = /bin/sh;
			shellScript = "diff \"${PODS_ROOT}/../Podfile.lock\" \"${PODS_ROOT}/Manifest.lock\" > /dev/null\nif [[ $? != 0 ]] ; then\n    cat << EOM\nerror: The sandbox is not in sync with the Podfile.lock. Run 'pod install' or update your CocoaPods installation.\nEOM\n    exit 1\nfi\n";
			showEnvVarsInLog = 0;
		};
/* End PBXShellScriptBuildPhase section */

/* Begin PBXSourcesBuildPhase section */
		F6F60CC01C840FEC00C0FD71 /* Sources */ = {
			isa = PBXSourcesBuildPhase;
			buildActionMask = 2147483647;
			files = (
				F6A50B2D1C84133300396835 /* HomeVC.swift in Sources */,
				F6A50B2B1C84129800396835 /* TabBarVC.swift in Sources */,
				F6F60CC81C840FEC00C0FD71 /* AppDelegate.swift in Sources */,
			);
			runOnlyForDeploymentPostprocessing = 0;
		};
		F6F60CD41C840FEC00C0FD71 /* Sources */ = {
			isa = PBXSourcesBuildPhase;
			buildActionMask = 2147483647;
			files = (
				F6F60CDD1C840FEC00C0FD71 /* VseaSwiftTests.swift in Sources */,
			);
			runOnlyForDeploymentPostprocessing = 0;
		};
		F6F60CDF1C840FEC00C0FD71 /* Sources */ = {
			isa = PBXSourcesBuildPhase;
			buildActionMask = 2147483647;
			files = (
				F6F60CE81C840FEC00C0FD71 /* VseaSwiftUITests.swift in Sources */,
			);
			runOnlyForDeploymentPostprocessing = 0;
		};
/* End PBXSourcesBuildPhase section */

/* Begin PBXTargetDependency section */
		F6F60CDA1C840FEC00C0FD71 /* PBXTargetDependency */ = {
			isa = PBXTargetDependency;
			target = F6F60CC31C840FEC00C0FD71 /* VseaSwift */;
			targetProxy = F6F60CD91C840FEC00C0FD71 /* PBXContainerItemProxy */;
		};
		F6F60CE51C840FEC00C0FD71 /* PBXTargetDependency */ = {
			isa = PBXTargetDependency;
			target = F6F60CC31C840FEC00C0FD71 /* VseaSwift */;
			targetProxy = F6F60CE41C840FEC00C0FD71 /* PBXContainerItemProxy */;
		};
/* End PBXTargetDependency section */

/* Begin PBXVariantGroup section */
		F6F60CCB1C840FEC00C0FD71 /* Main.storyboard */ = {
			isa = PBXVariantGroup;
			children = (
				F6F60CCC1C840FEC00C0FD71 /* Base */,
			);
			name = Main.storyboard;
			sourceTree = "<group>";
		};
		F6F60CD01C840FEC00C0FD71 /* LaunchScreen.storyboard */ = {
			isa = PBXVariantGroup;
			children = (
				F6F60CD11C840FEC00C0FD71 /* Base */,
			);
			name = LaunchScreen.storyboard;
			sourceTree = "<group>";
		};
/* End PBXVariantGroup section */

/* Begin XCBuildConfiguration section */
		F6F60CEA1C840FEC00C0FD71 /* Debug */ = {
			isa = XCBuildConfiguration;
			buildSettings = {
				ALWAYS_SEARCH_USER_PATHS = NO;
				CLANG_CXX_LANGUAGE_STANDARD = "gnu++0x";
				CLANG_CXX_LIBRARY = "libc++";
				CLANG_ENABLE_MODULES = YES;
				CLANG_ENABLE_OBJC_ARC = YES;
				CLANG_WARN_BOOL_CONVERSION = YES;
				CLANG_WARN_CONSTANT_CONVERSION = YES;
				CLANG_WARN_DIRECT_OBJC_ISA_USAGE = YES_ERROR;
				CLANG_WARN_EMPTY_BODY = YES;
				CLANG_WARN_ENUM_CONVERSION = YES;
				CLANG_WARN_INT_CONVERSION = YES;
				CLANG_WARN_OBJC_ROOT_CLASS = YES_ERROR;
				CLANG_WARN_UNREACHABLE_CODE = YES;
				CLANG_WARN__DUPLICATE_METHOD_MATCH = YES;
				"CODE_SIGN_IDENTITY[sdk=iphoneos*]" = "iPhone Developer";
				COPY_PHASE_STRIP = NO;
				DEBUG_INFORMATION_FORMAT = dwarf;
				ENABLE_STRICT_OBJC_MSGSEND = YES;
				ENABLE_TESTABILITY = YES;
				GCC_C_LANGUAGE_STANDARD = gnu99;
				GCC_DYNAMIC_NO_PIC = NO;
				GCC_NO_COMMON_BLOCKS = YES;
				GCC_OPTIMIZATION_LEVEL = 0;
				GCC_PREPROCESSOR_DEFINITIONS = (
					"DEBUG=1",
					"$(inherited)",
				);
				GCC_WARN_64_TO_32_BIT_CONVERSION = YES;
				GCC_WARN_ABOUT_RETURN_TYPE = YES_ERROR;
				GCC_WARN_UNDECLARED_SELECTOR = YES;
				GCC_WARN_UNINITIALIZED_AUTOS = YES_AGGRESSIVE;
				GCC_WARN_UNUSED_FUNCTION = YES;
				GCC_WARN_UNUSED_VARIABLE = YES;
				IPHONEOS_DEPLOYMENT_TARGET = 9.2;
				MTL_ENABLE_DEBUG_INFO = YES;
				ONLY_ACTIVE_ARCH = YES;
				SDKROOT = iphoneos;
				SWIFT_OPTIMIZATION_LEVEL = "-Onone";
				TARGETED_DEVICE_FAMILY = "1,2";
			};
			name = Debug;
		};
		F6F60CEB1C840FEC00C0FD71 /* Release */ = {
			isa = XCBuildConfiguration;
			buildSettings = {
				ALWAYS_SEARCH_USER_PATHS = NO;
				CLANG_CXX_LANGUAGE_STANDARD = "gnu++0x";
				CLANG_CXX_LIBRARY = "libc++";
				CLANG_ENABLE_MODULES = YES;
				CLANG_ENABLE_OBJC_ARC = YES;
				CLANG_WARN_BOOL_CONVERSION = YES;
				CLANG_WARN_CONSTANT_CONVERSION = YES;
				CLANG_WARN_DIRECT_OBJC_ISA_USAGE = YES_ERROR;
				CLANG_WARN_EMPTY_BODY = YES;
				CLANG_WARN_ENUM_CONVERSION = YES;
				CLANG_WARN_INT_CONVERSION = YES;
				CLANG_WARN_OBJC_ROOT_CLASS = YES_ERROR;
				CLANG_WARN_UNREACHABLE_CODE = YES;
				CLANG_WARN__DUPLICATE_METHOD_MATCH = YES;
				"CODE_SIGN_IDENTITY[sdk=iphoneos*]" = "iPhone Developer";
				COPY_PHASE_STRIP = NO;
				DEBUG_INFORMATION_FORMAT = "dwarf-with-dsym";
				ENABLE_NS_ASSERTIONS = NO;
				ENABLE_STRICT_OBJC_MSGSEND = YES;
				GCC_C_LANGUAGE_STANDARD = gnu99;
				GCC_NO_COMMON_BLOCKS = YES;
				GCC_WARN_64_TO_32_BIT_CONVERSION = YES;
				GCC_WARN_ABOUT_RETURN_TYPE = YES_ERROR;
				GCC_WARN_UNDECLARED_SELECTOR = YES;
				GCC_WARN_UNINITIALIZED_AUTOS = YES_AGGRESSIVE;
				GCC_WARN_UNUSED_FUNCTION = YES;
				GCC_WARN_UNUSED_VARIABLE = YES;
				IPHONEOS_DEPLOYMENT_TARGET = 9.2;
				MTL_ENABLE_DEBUG_INFO = NO;
				SDKROOT = iphoneos;
				TARGETED_DEVICE_FAMILY = "1,2";
				VALIDATE_PRODUCT = YES;
			};
			name = Release;
		};
		F6F60CED1C840FEC00C0FD71 /* Debug */ = {
			isa = XCBuildConfiguration;
			baseConfigurationReference = 833DE6115FD9F69E57AE723F /* Pods.debug.xcconfig */;
			buildSettings = {
				ASSETCATALOG_COMPILER_APPICON_NAME = AppIcon;
				INFOPLIST_FILE = VseaSwift/Info.plist;
				IPHONEOS_DEPLOYMENT_TARGET = 7.0;
				LD_RUNPATH_SEARCH_PATHS = "$(inherited) @executable_path/Frameworks";
				PRODUCT_BUNDLE_IDENTIFIER = cn.com.vsea.www.VseaSwift;
				PRODUCT_NAME = "$(TARGET_NAME)";
			};
			name = Debug;
		};
		F6F60CEE1C840FEC00C0FD71 /* Release */ = {
			isa = XCBuildConfiguration;
			baseConfigurationReference = B4373E0FDFFC1A9B03A305A5 /* Pods.release.xcconfig */;
			buildSettings = {
				ASSETCATALOG_COMPILER_APPICON_NAME = AppIcon;
				INFOPLIST_FILE = VseaSwift/Info.plist;
				IPHONEOS_DEPLOYMENT_TARGET = 7.0;
				LD_RUNPATH_SEARCH_PATHS = "$(inherited) @executable_path/Frameworks";
				PRODUCT_BUNDLE_IDENTIFIER = cn.com.vsea.www.VseaSwift;
				PRODUCT_NAME = "$(TARGET_NAME)";
			};
			name = Release;
		};
		F6F60CF01C840FEC00C0FD71 /* Debug */ = {
			isa = XCBuildConfiguration;
			buildSettings = {
				BUNDLE_LOADER = "$(TEST_HOST)";
				INFOPLIST_FILE = VseaSwiftTests/Info.plist;
				LD_RUNPATH_SEARCH_PATHS = "$(inherited) @executable_path/Frameworks @loader_path/Frameworks";
				PRODUCT_BUNDLE_IDENTIFIER = cn.com.vsea.www.VseaSwiftTests;
				PRODUCT_NAME = "$(TARGET_NAME)";
				TEST_HOST = "$(BUILT_PRODUCTS_DIR)/VseaSwift.app/VseaSwift";
			};
			name = Debug;
		};
		F6F60CF11C840FEC00C0FD71 /* Release */ = {
			isa = XCBuildConfiguration;
			buildSettings = {
				BUNDLE_LOADER = "$(TEST_HOST)";
				INFOPLIST_FILE = VseaSwiftTests/Info.plist;
				LD_RUNPATH_SEARCH_PATHS = "$(inherited) @executable_path/Frameworks @loader_path/Frameworks";
				PRODUCT_BUNDLE_IDENTIFIER = cn.com.vsea.www.VseaSwiftTests;
				PRODUCT_NAME = "$(TARGET_NAME)";
				TEST_HOST = "$(BUILT_PRODUCTS_DIR)/VseaSwift.app/VseaSwift";
			};
			name = Release;
		};
		F6F60CF31C840FEC00C0FD71 /* Debug */ = {
			isa = XCBuildConfiguration;
			buildSettings = {
				INFOPLIST_FILE = VseaSwiftUITests/Info.plist;
				LD_RUNPATH_SEARCH_PATHS = "$(inherited) @executable_path/Frameworks @loader_path/Frameworks";
				PRODUCT_BUNDLE_IDENTIFIER = cn.com.vsea.www.VseaSwiftUITests;
				PRODUCT_NAME = "$(TARGET_NAME)";
				TEST_TARGET_NAME = VseaSwift;
				USES_XCTRUNNER = YES;
			};
			name = Debug;
		};
		F6F60CF41C840FEC00C0FD71 /* Release */ = {
			isa = XCBuildConfiguration;
			buildSettings = {
				INFOPLIST_FILE = VseaSwiftUITests/Info.plist;
				LD_RUNPATH_SEARCH_PATHS = "$(inherited) @executable_path/Frameworks @loader_path/Frameworks";
				PRODUCT_BUNDLE_IDENTIFIER = cn.com.vsea.www.VseaSwiftUITests;
				PRODUCT_NAME = "$(TARGET_NAME)";
				TEST_TARGET_NAME = VseaSwift;
				USES_XCTRUNNER = YES;
			};
			name = Release;
		};
/* End XCBuildConfiguration section */

/* Begin XCConfigurationList section */
		F6F60CBF1C840FEC00C0FD71 /* Build configuration list for PBXProject "VseaSwift" */ = {
			isa = XCConfigurationList;
			buildConfigurations = (
				F6F60CEA1C840FEC00C0FD71 /* Debug */,
				F6F60CEB1C840FEC00C0FD71 /* Release */,
			);
			defaultConfigurationIsVisible = 0;
			defaultConfigurationName = Release;
		};
		F6F60CEC1C840FEC00C0FD71 /* Build configuration list for PBXNativeTarget "VseaSwift" */ = {
			isa = XCConfigurationList;
			buildConfigurations = (
				F6F60CED1C840FEC00C0FD71 /* Debug */,
				F6F60CEE1C840FEC00C0FD71 /* Release */,
			);
			defaultConfigurationIsVisible = 0;
			defaultConfigurationName = Release;
		};
		F6F60CEF1C840FEC00C0FD71 /* Build configuration list for PBXNativeTarget "VseaSwiftTests" */ = {
			isa = XCConfigurationList;
			buildConfigurations = (
				F6F60CF01C840FEC00C0FD71 /* Debug */,
				F6F60CF11C840FEC00C0FD71 /* Release */,
			);
			defaultConfigurationIsVisible = 0;
			defaultConfigurationName = Release;
		};
		F6F60CF21C840FEC00C0FD71 /* Build configuration list for PBXNativeTarget "VseaSwiftUITests" */ = {
			isa = XCConfigurationList;
			buildConfigurations = (
				F6F60CF31C840FEC00C0FD71 /* Debug */,
				F6F60CF41C840FEC00C0FD71 /* Release */,
			);
			defaultConfigurationIsVisible = 0;
			defaultConfigurationName = Release;
		};
/* End XCConfigurationList section */
	};
	rootObject = F6F60CBC1C840FEC00C0FD71 /* Project object */;
}
